github.com/voodooEntity/archivist v0.0.1 h1:QC9/jY3S40eZrRXskd0shAROPv6GKmzn3CYR3lni4E0=
github.com/voodooEntity/archivist v0.0.1/go.mod h1:Kw+7tEDicfscFX3Kl4wzTmICO66MjWxpXlFEP3UJCGc=
github.com/voodooEntity/archivist v1.0.1 h1:FHzdamvVhErYdZfggPGPcuSEk+x69AhJkGEGlmTi/zE=
github.com/voodooEntity/archivist v1.0.1/go.mod h1:Kw+7tEDicfscFX3Kl4wzTmICO66MjWxpXlFEP3UJCGc=
github.com/voodooEntity/archivist v1.0.2 h1:QesszRfOPdGmkT1ieAXa6LkRkch/22R/LPTu8DFkKUY=
github.com/voodooEntity/archivist v1.0.2/go.mod h1:Kw+7tEDicfscFX3Kl4wzTmICO66MjWxpXlFEP3UJCGc=
